
Microsoft Visual Studio Solution File, Format Version 12.00
# Visual Studio 15
VisualStudioVersion = 15.0.28307.136
MinimumVisualStudioVersion = 10.0.40219.1
Project("{FAE04EC0-301F-11D3-BF4B-00C04F79EFBC}") = "ServerApp", "ServerApp\ServerApp.csproj", "{53B17963-AAF1-47E3-9817-A9883018DCA1}"
EndProject
Project("{FAE04EC0-301F-11D3-BF4B-00C04F79EFBC}") = "ClientApp", "ClientApp\ClientApp.csproj", "{6C6A720D-77AF-4AE0-9825-2FD7E884A016}"
EndProject
Project("{FAE04EC0-301F-11D3-BF4B-00C04F79EFBC}") = "Shared", "ConnectionService\Shared.csproj", "{20E143C9-F659-439A-B3DF-100944294F9B}"
EndProject
Global
	GlobalSection(SolutionConfigurationPlatforms) = preSolution
		Debug|Any CPU = Debug|Any CPU
		Release|Any CPU = Release|Any CPU
	EndGlobalSection
	GlobalSection(ProjectConfigurationPlatforms) = postSolution
		{53B17963-AAF1-47E3-9817-A9883018DCA1}.Debug|Any CPU.ActiveCfg = Debug|Any CPU
		{53B17963-AAF1-47E3-9817-A9883018DCA1}.Debug|Any CPU.Build.0 = Debug|Any CPU
		{53B17963-AAF1-47E3-9817-A9883018DCA1}.Release|Any CPU.ActiveCfg = Release|Any CPU
		{53B17963-AAF1-47E3-9817-A9883018DCA1}.Release|Any CPU.Build.0 = Release|Any CPU
		{6C6A720D-77AF-4AE0-9825-2FD7E884A016}.Debug|Any CPU.ActiveCfg = Debug|Any CPU
		{6C6A720D-77AF-4AE0-9825-2FD7E884A016}.Debug|Any CPU.Build.0 = Debug|Any CPU
		{6C6A720D-77AF-4AE0-9825-2FD7E884A016}.Release|Any CPU.ActiveCfg = Release|Any CPU
		{6C6A720D-77AF-4AE0-9825-2FD7E884A016}.Release|Any CPU.Build.0 = Release|Any CPU
		{20E143C9-F659-439A-B3DF-100944294F9B}.Debug|Any CPU.ActiveCfg = Debug|Any CPU
		{20E143C9-F659-439A-B3DF-100944294F9B}.Debug|Any CPU.Build.0 = Debug|Any CPU
		{20E143C9-F659-439A-B3DF-100944294F9B}.Release|Any CPU.ActiveCfg = Release|Any CPU
		{20E143C9-F659-439A-B3DF-100944294F9B}.Release|Any CPU.Build.0 = Release|Any CPU
	EndGlobalSection
	GlobalSection(SolutionProperties) = preSolution
		HideSolutionNode = FALSE
	EndGlobalSection
	GlobalSection(ExtensibilityGlobals) = postSolution
		SolutionGuid = {39135738-5FB4-4E2D-BA47-D0F38311B422}
	EndGlobalSection
EndGlobal
